// !$*UTF8*$!
{
	archiveVersion = 1;
	classes = {
	};
	objectVersion = 46;
	objects = {

/* Begin PBXBuildFile section */
		C9FA895C1A570B100015DB03 /* AppDelegate.swift in Sources */ = {isa = PBXBuildFile; fileRef = C9FA895B1A570B100015DB03 /* AppDelegate.swift */; };
		C9FA895E1A570B100015DB03 /* ViewController.swift in Sources */ = {isa = PBXBuildFile; fileRef = C9FA895D1A570B100015DB03 /* ViewController.swift */; };
		C9FA89611A570B100015DB03 /* Main.storyboard in Resources */ = {isa = PBXBuildFile; fileRef = C9FA895F1A570B100015DB03 /* Main.storyboard */; };
		C9FA89631A570B100015DB03 /* Images.xcassets in Resources */ = {isa = PBXBuildFile; fileRef = C9FA89621A570B100015DB03 /* Images.xcassets */; };
		C9FA89661A570B100015DB03 /* LaunchScreen.xib in Resources */ = {isa = PBXBuildFile; fileRef = C9FA89641A570B100015DB03 /* LaunchScreen.xib */; };
		C9FA89721A570B100015DB03 /* TimepieceDemoTests.swift in Sources */ = {isa = PBXBuildFile; fileRef = C9FA89711A570B100015DB03 /* TimepieceDemoTests.swift */; };
		C9FA89AE1A5738000015DB03 /* Timepiece.framework in Frameworks */ = {isa = PBXBuildFile; fileRef = C9FA89AA1A5737730015DB03 /* Timepiece.framework */; };
		C9FA89AF1A5738000015DB03 /* Timepiece.framework in Embed Frameworks */ = {isa = PBXBuildFile; fileRef = C9FA89AA1A5737730015DB03 /* Timepiece.framework */; settings = {ATTRIBUTES = (CodeSignOnCopy, RemoveHeadersOnCopy, ); }; };
/* End PBXBuildFile section */

/* Begin PBXContainerItemProxy section */
		C9FA896C1A570B100015DB03 /* PBXContainerItemProxy */ = {
			isa = PBXContainerItemProxy;
			containerPortal = C9FA894E1A570B100015DB03 /* Project object */;
			proxyType = 1;
			remoteGlobalIDString = C9FA89551A570B100015DB03;
			remoteInfo = TimepieceDemo;
		};
		C9FA89A91A5737730015DB03 /* PBXContainerItemProxy */ = {
			isa = PBXContainerItemProxy;
			containerPortal = C9FA89A41A5737720015DB03 /* Timepiece.xcodeproj */;
			proxyType = 2;
			remoteGlobalIDString = C9FA892F1A5709D10015DB03;
			remoteInfo = Timepiece;
		};
		C9FA89AB1A5737730015DB03 /* PBXContainerItemProxy */ = {
			isa = PBXContainerItemProxy;
			containerPortal = C9FA89A41A5737720015DB03 /* Timepiece.xcodeproj */;
			proxyType = 2;
			remoteGlobalIDString = C9FA893A1A5709D10015DB03;
			remoteInfo = TimepieceTests;
		};
		C9FA89B01A5738000015DB03 /* PBXContainerItemProxy */ = {
			isa = PBXContainerItemProxy;
			containerPortal = C9FA89A41A5737720015DB03 /* Timepiece.xcodeproj */;
			proxyType = 1;
			remoteGlobalIDString = C9FA892E1A5709D10015DB03;
			remoteInfo = Timepiece;
		};
/* End PBXContainerItemProxy section */

/* Begin PBXCopyFilesBuildPhase section */
		C9FA89B21A5738000015DB03 /* Embed Frameworks */ = {
			isa = PBXCopyFilesBuildPhase;
			buildActionMask = 2147483647;
			dstPath = "";
			dstSubfolderSpec = 10;
			files = (
				C9FA89AF1A5738000015DB03 /* Timepiece.framework in Embed Frameworks */,
			);
			name = "Embed Frameworks";
			runOnlyForDeploymentPostprocessing = 0;
		};
/* End PBXCopyFilesBuildPhase section */

/* Begin PBXFileReference section */
		C9FA89561A570B100015DB03 /* TimepieceDemo.app */ = {isa = PBXFileReference; explicitFileType = wrapper.application; includeInIndex = 0; path = TimepieceDemo.app; sourceTree = BUILT_PRODUCTS_DIR; };
		C9FA895A1A570B100015DB03 /* Info.plist */ = {isa = PBXFileReference; lastKnownFileType = text.plist.xml; path = Info.plist; sourceTree = "<group>"; };
		C9FA895B1A570B100015DB03 /* AppDelegate.swift */ = {isa = PBXFileReference; lastKnownFileType = sourcecode.swift; path = AppDelegate.swift; sourceTree = "<group>"; };
		C9FA895D1A570B100015DB03 /* ViewController.swift */ = {isa = PBXFileReference; lastKnownFileType = sourcecode.swift; lineEnding = 0; path = ViewController.swift; sourceTree = "<group>"; xcLanguageSpecificationIdentifier = xcode.lang.swift; };
		C9FA89601A570B100015DB03 /* Base */ = {isa = PBXFileReference; lastKnownFileType = file.storyboard; name = Base; path = Base.lproj/Main.storyboard; sourceTree = "<group>"; };
		C9FA89621A570B100015DB03 /* Images.xcassets */ = {isa = PBXFileReference; lastKnownFileType = folder.assetcatalog; path = Images.xcassets; sourceTree = "<group>"; };
		C9FA89651A570B100015DB03 /* Base */ = {isa = PBXFileReference; lastKnownFileType = file.xib; name = Base; path = Base.lproj/LaunchScreen.xib; sourceTree = "<group>"; };
		C9FA896B1A570B100015DB03 /* TimepieceDemoTests.xctest */ = {isa = PBXFileReference; explicitFileType = wrapper.cfbundle; includeInIndex = 0; path = TimepieceDemoTests.xctest; sourceTree = BUILT_PRODUCTS_DIR; };
		C9FA89701A570B100015DB03 /* Info.plist */ = {isa = PBXFileReference; lastKnownFileType = text.plist.xml; path = Info.plist; sourceTree = "<group>"; };
		C9FA89711A570B100015DB03 /* TimepieceDemoTests.swift */ = {isa = PBXFileReference; lastKnownFileType = sourcecode.swift; path = TimepieceDemoTests.swift; sourceTree = "<group>"; };
		C9FA89A41A5737720015DB03 /* Timepiece.xcodeproj */ = {isa = PBXFileReference; lastKnownFileType = "wrapper.pb-project"; name = Timepiece.xcodeproj; path = ../Timepiece/Timepiece.xcodeproj; sourceTree = "<group>"; };
/* End PBXFileReference section */

/* Begin PBXFrameworksBuildPhase section */
		C9FA89531A570B100015DB03 /* Frameworks */ = {
			isa = PBXFrameworksBuildPhase;
			buildActionMask = 2147483647;
			files = (
				C9FA89AE1A5738000015DB03 /* Timepiece.framework in Frameworks */,
			);
			runOnlyForDeploymentPostprocessing = 0;
		};
		C9FA89681A570B100015DB03 /* Frameworks */ = {
			isa = PBXFrameworksBuildPhase;
			buildActionMask = 2147483647;
			files = (
			);
			runOnlyForDeploymentPostprocessing = 0;
		};
/* End PBXFrameworksBuildPhase section */

/* Begin PBXGroup section */
		C9FA894D1A570B100015DB03 = {
			isa = PBXGroup;
			children = (
				C9FA89A41A5737720015DB03 /* Timepiece.xcodeproj */,
				C9FA89581A570B100015DB03 /* TimepieceDemo */,
				C9FA896E1A570B100015DB03 /* TimepieceDemoTests */,
				C9FA89851A5712410015DB03 /* Frameworks */,
				C9FA89571A570B100015DB03 /* Products */,
			);
			sourceTree = "<group>";
		};
		C9FA89571A570B100015DB03 /* Products */ = {
			isa = PBXGroup;
			children = (
				C9FA89561A570B100015DB03 /* TimepieceDemo.app */,
				C9FA896B1A570B100015DB03 /* TimepieceDemoTests.xctest */,
			);
			name = Products;
			sourceTree = "<group>";
		};
		C9FA89581A570B100015DB03 /* TimepieceDemo */ = {
			isa = PBXGroup;
			children = (
				C9FA895B1A570B100015DB03 /* AppDelegate.swift */,
				C9FA895D1A570B100015DB03 /* ViewController.swift */,
				C9FA895F1A570B100015DB03 /* Main.storyboard */,
				C9FA89621A570B100015DB03 /* Images.xcassets */,
				C9FA89641A570B100015DB03 /* LaunchScreen.xib */,
				C9FA89591A570B100015DB03 /* Supporting Files */,
			);
			path = TimepieceDemo;
			sourceTree = "<group>";
		};
		C9FA89591A570B100015DB03 /* Supporting Files */ = {
			isa = PBXGroup;
			children = (
				C9FA895A1A570B100015DB03 /* Info.plist */,
			);
			name = "Supporting Files";
			sourceTree = "<group>";
		};
		C9FA896E1A570B100015DB03 /* TimepieceDemoTests */ = {
			isa = PBXGroup;
			children = (
				C9FA89711A570B100015DB03 /* TimepieceDemoTests.swift */,
				C9FA896F1A570B100015DB03 /* Supporting Files */,
			);
			path = TimepieceDemoTests;
			sourceTree = "<group>";
		};
		C9FA896F1A570B100015DB03 /* Supporting Files */ = {
			isa = PBXGroup;
			children = (
				C9FA89701A570B100015DB03 /* Info.plist */,
			);
			name = "Supporting Files";
			sourceTree = "<group>";
		};
		C9FA89851A5712410015DB03 /* Frameworks */ = {
			isa = PBXGroup;
			children = (
			);
			name = Frameworks;
			sourceTree = "<group>";
		};
		C9FA89A51A5737720015DB03 /* Products */ = {
			isa = PBXGroup;
			children = (
				C9FA89AA1A5737730015DB03 /* Timepiece.framework */,
				C9FA89AC1A5737730015DB03 /* TimepieceTests.xctest */,
			);
			name = Products;
			sourceTree = "<group>";
		};
/* End PBXGroup section */

/* Begin PBXNativeTarget section */
		C9FA89551A570B100015DB03 /* TimepieceDemo */ = {
			isa = PBXNativeTarget;
			buildConfigurationList = C9FA89751A570B100015DB03 /* Build configuration list for PBXNativeTarget "TimepieceDemo" */;
			buildPhases = (
				C9FA89521A570B100015DB03 /* Sources */,
				C9FA89531A570B100015DB03 /* Frameworks */,
				C9FA89541A570B100015DB03 /* Resources */,
				C9FA89B21A5738000015DB03 /* Embed Frameworks */,
			);
			buildRules = (
			);
			dependencies = (
				C9FA89B11A5738000015DB03 /* PBXTargetDependency */,
			);
			name = TimepieceDemo;
			productName = TimepieceDemo;
			productReference = C9FA89561A570B100015DB03 /* TimepieceDemo.app */;
			productType = "com.apple.product-type.application";
		};
		C9FA896A1A570B100015DB03 /* TimepieceDemoTests */ = {
			isa = PBXNativeTarget;
			buildConfigurationList = C9FA89781A570B100015DB03 /* Build configuration list for PBXNativeTarget "TimepieceDemoTests" */;
			buildPhases = (
				C9FA89671A570B100015DB03 /* Sources */,
				C9FA89681A570B100015DB03 /* Frameworks */,
				C9FA89691A570B100015DB03 /* Resources */,
			);
			buildRules = (
			);
			dependencies = (
				C9FA896D1A570B100015DB03 /* PBXTargetDependency */,
			);
			name = TimepieceDemoTests;
			productName = TimepieceDemoTests;
			productReference = C9FA896B1A570B100015DB03 /* TimepieceDemoTests.xctest */;
			productType = "com.apple.product-type.bundle.unit-test";
		};
/* End PBXNativeTarget section */

/* Begin PBXProject section */
		C9FA894E1A570B100015DB03 /* Project object */ = {
			isa = PBXProject;
			attributes = {
				LastUpgradeCheck = 0620;
				ORGANIZATIONNAME = "BlueDino Software";
				TargetAttributes = {
					C9FA89551A570B100015DB03 = {
						CreatedOnToolsVersion = 6.2;
					};
					C9FA896A1A570B100015DB03 = {
						CreatedOnToolsVersion = 6.2;
						TestTargetID = C9FA89551A570B100015DB03;
					};
				};
			};
			buildConfigurationList = C9FA89511A570B100015DB03 /* Build configuration list for PBXProject "TimepieceDemo" */;
			compatibilityVersion = "Xcode 3.2";
			developmentRegion = English;
			hasScannedForEncodings = 0;
			knownRegions = (
				en,
				Base,
			);
			mainGroup = C9FA894D1A570B100015DB03;
			productRefGroup = C9FA89571A570B100015DB03 /* Products */;
			projectDirPath = "";
			projectReferences = (
				{
					ProductGroup = C9FA89A51A5737720015DB03 /* Products */;
					ProjectRef = C9FA89A41A5737720015DB03 /* Timepiece.xcodeproj */;
				},
			);
			projectRoot = "";
			targets = (
				C9FA89551A570B100015DB03 /* TimepieceDemo */,
				C9FA896A1A570B100015DB03 /* TimepieceDemoTests */,
			);
		};
/* End PBXProject section */

/* Begin PBXReferenceProxy section */
		C9FA89AA1A5737730015DB03 /* Timepiece.framework */ = {
			isa = PBXReferenceProxy;
			fileType = wrapper.framework;
			path = Timepiece.framework;
			remoteRef = C9FA89A91A5737730015DB03 /* PBXContainerItemProxy */;
			sourceTree = BUILT_PRODUCTS_DIR;
		};
		C9FA89AC1A5737730015DB03 /* TimepieceTests.xctest */ = {
			isa = PBXReferenceProxy;
			fileType = wrapper.cfbundle;
			path = TimepieceTests.xctest;
			remoteRef = C9FA89AB1A5737730015DB03 /* PBXContainerItemProxy */;
			sourceTree = BUILT_PRODUCTS_DIR;
		};
/* End PBXReferenceProxy section */

/* Begin PBXResourcesBuildPhase section */
		C9FA89541A570B100015DB03 /* Resources */ = {
			isa = PBXResourcesBuildPhase;
			buildActionMask = 2147483647;
			files = (
				C9FA89611A570B100015DB03 /* Main.storyboard in Resources */,
				C9FA89661A570B100015DB03 /* LaunchScreen.xib in Resources */,
				C9FA89631A570B100015DB03 /* Images.xcassets in Resources */,
			);
			runOnlyForDeploymentPostprocessing = 0;
		};
		C9FA89691A570B100015DB03 /* Resources */ = {
			isa = PBXResourcesBuildPhase;
			buildActionMask = 2147483647;
			files = (
			);
			runOnlyForDeploymentPostprocessing = 0;
		};
/* End PBXResourcesBuildPhase section */

/* Begin PBXSourcesBuildPhase section */
		C9FA89521A570B100015DB03 /* Sources */ = {
			isa = PBXSourcesBuildPhase;
			buildActionMask = 2147483647;
			files = (
				C9FA895E1A570B100015DB03 /* ViewController.swift in Sources */,
				C9FA895C1A570B100015DB03 /* AppDelegate.swift in Sources */,
			);
			runOnlyForDeploymentPostprocessing = 0;
		};
		C9FA89671A570B100015DB03 /* Sources */ = {
			isa = PBXSourcesBuildPhase;
			buildActionMask = 2147483647;
			files = (
				C9FA89721A570B100015DB03 /* TimepieceDemoTests.swift in Sources */,
			);
			runOnlyForDeploymentPostprocessing = 0;
		};
/* End PBXSourcesBuildPhase section */

/* Begin PBXTargetDependency section */
		C9FA896D1A570B100015DB03 /* PBXTargetDependency */ = {
			isa = PBXTargetDependency;
			target = C9FA89551A570B100015DB03 /* TimepieceDemo */;
			targetProxy = C9FA896C1A570B100015DB03 /* PBXContainerItemProxy */;
		};
		C9FA89B11A5738000015DB03 /* PBXTargetDependency */ = {
			isa = PBXTargetDependency;
			name = Timepiece;
			targetProxy = C9FA89B01A5738000015DB03 /* PBXContainerItemProxy */;
		};
/* End PBXTargetDependency section */

/* Begin PBXVariantGroup section */
		C9FA895F1A570B100015DB03 /* Main.storyboard */ = {
			isa = PBXVariantGroup;
			children = (
				C9FA89601A570B100015DB03 /* Base */,
			);
			name = Main.storyboard;
			sourceTree = "<group>";
		};
		C9FA89641A570B100015DB03 /* LaunchScreen.xib */ = {
			isa = PBXVariantGroup;
			children = (
				C9FA89651A570B100015DB03 /* Base */,
			);
			name = LaunchScreen.xib;
			sourceTree = "<group>";
		};
/* End PBXVariantGroup section */

/* Begin XCBuildConfiguration section */
		C9FA89731A570B100015DB03 /* Debug */ = {
			isa = XCBuildConfiguration;
			buildSettings = {
				ALWAYS_SEARCH_USER_PATHS = NO;
				CLANG_CXX_LANGUAGE_STANDARD = "gnu++0x";
				CLANG_CXX_LIBRARY = "libc++";
				CLANG_ENABLE_MODULES = YES;
				CLANG_ENABLE_OBJC_ARC = YES;
				CLANG_WARN_BOOL_CONVERSION = YES;
				CLANG_WARN_CONSTANT_CONVERSION = YES;
				CLANG_WARN_DIRECT_OBJC_ISA_USAGE = YES_ERROR;
				CLANG_WARN_EMPTY_BODY = YES;
				CLANG_WARN_ENUM_CONVERSION = YES;
				CLANG_WARN_INT_CONVERSION = YES;
				CLANG_WARN_OBJC_ROOT_CLASS = YES_ERROR;
				CLANG_WARN_UNREACHABLE_CODE = YES;
				CLANG_WARN__DUPLICATE_METHOD_MATCH = YES;
				"CODE_SIGN_IDENTITY[sdk=iphoneos*]" = "iPhone Developer";
				COPY_PHASE_STRIP = NO;
				ENABLE_STRICT_OBJC_MSGSEND = YES;
				GCC_C_LANGUAGE_STANDARD = gnu99;
				GCC_DYNAMIC_NO_PIC = NO;
				GCC_OPTIMIZATION_LEVEL = 0;
				GCC_PREPROCESSOR_DEFINITIONS = (
					"DEBUG=1",
					"$(inherited)",
				);
				GCC_SYMBOLS_PRIVATE_EXTERN = NO;
				GCC_WARN_64_TO_32_BIT_CONVERSION = YES;
				GCC_WARN_ABOUT_RETURN_TYPE = YES_ERROR;
				GCC_WARN_UNDECLARED_SELECTOR = YES;
				GCC_WARN_UNINITIALIZED_AUTOS = YES_AGGRESSIVE;
				GCC_WARN_UNUSED_FUNCTION = YES;
				GCC_WARN_UNUSED_VARIABLE = YES;
				IPHONEOS_DEPLOYMENT_TARGET = 8.2;
				MTL_ENABLE_DEBUG_INFO = YES;
				ONLY_ACTIVE_ARCH = YES;
				SDKROOT = iphoneos;
				SWIFT_OPTIMIZATION_LEVEL = "-Onone";
			};
			name = Debug;
		};
		C9FA89741A570B100015DB03 /* Release */ = {
			isa = XCBuildConfiguration;
			buildSettings = {
				ALWAYS_SEARCH_USER_PATHS = NO;
				CLANG_CXX_LANGUAGE_STANDARD = "gnu++0x";
				CLANG_CXX_LIBRARY = "libc++";
				CLANG_ENABLE_MODULES = YES;
				CLANG_ENABLE_OBJC_ARC = YES;
				CLANG_WARN_BOOL_CONVERSION = YES;
				CLANG_WARN_CONSTANT_CONVERSION = YES;
				CLANG_WARN_DIRECT_OBJC_ISA_USAGE = YES_ERROR;
				CLANG_WARN_EMPTY_BODY = YES;
				CLANG_WARN_ENUM_CONVERSION = YES;
				CLANG_WARN_INT_CONVERSION = YES;
				CLANG_WARN_OBJC_ROOT_CLASS = YES_ERROR;
				CLANG_WARN_UNREACHABLE_CODE = YES;
				CLANG_WARN__DUPLICATE_METHOD_MATCH = YES;
				"CODE_SIGN_IDENTITY[sdk=iphoneos*]" = "iPhone Developer";
				COPY_PHASE_STRIP = NO;
				ENABLE_NS_ASSERTIONS = NO;
				ENABLE_STRICT_OBJC_MSGSEND = YES;
				GCC_C_LANGUAGE_STANDARD = gnu99;
				GCC_WARN_64_TO_32_BIT_CONVERSION = YES;
				GCC_WARN_ABOUT_RETURN_TYPE = YES_ERROR;
				GCC_WARN_UNDECLARED_SELECTOR = YES;
				GCC_WARN_UNINITIALIZED_AUTOS = YES_AGGRESSIVE;
				GCC_WARN_UNUSED_FUNCTION = YES;
				GCC_WARN_UNUSED_VARIABLE = YES;
				IPHONEOS_DEPLOYMENT_TARGET = 8.2;
				MTL_ENABLE_DEBUG_INFO = NO;
				SDKROOT = iphoneos;
				VALIDATE_PRODUCT = YES;
			};
			name = Release;
		};
		C9FA89761A570B100015DB03 /* Debug */ = {
			isa = XCBuildConfiguration;
			buildSettings = {
				ASSETCATALOG_COMPILER_APPICON_NAME = AppIcon;
				EMBEDDED_CONTENT_CONTAINS_SWIFT = YES;
				FRAMEWORK_SEARCH_PATHS = (
					"$(inherited)",
					"/Users/matt/Matt/Xcode/Timepiece/Timepiece/build/Debug-iphoneos",
					"$(USER_LIBRARY_DIR)/Developer/Xcode/DerivedData/Timepiece-eouayyoqlxkfswgahzolfccbkhxj/Build/Products/Debug-iphoneos",
				);
				INFOPLIST_FILE = TimepieceDemo/Info.plist;
				IPHONEOS_DEPLOYMENT_TARGET = 8.0;
				LD_RUNPATH_SEARCH_PATHS = "$(inherited) @executable_path/Frameworks";
				PRODUCT_NAME = "$(TARGET_NAME)";
			};
			name = Debug;
		};
		C9FA89771A570B100015DB03 /* Release */ = {
			isa = XCBuildConfiguration;
			buildSettings = {
				ASSETCATALOG_COMPILER_APPICON_NAME = AppIcon;
				EMBEDDED_CONTENT_CONTAINS_SWIFT = YES;
				FRAMEWORK_SEARCH_PATHS = (
					"$(inherited)",
					"/Users/matt/Matt/Xcode/Timepiece/Timepiece/build/Debug-iphoneos",
					"$(USER_LIBRARY_DIR)/Developer/Xcode/DerivedData/Timepiece-eouayyoqlxkfswgahzolfccbkhxj/Build/Products/Debug-iphoneos",
				);
				INFOPLIST_FILE = TimepieceDemo/Info.plist;
				IPHONEOS_DEPLOYMENT_TARGET = 8.0;
				LD_RUNPATH_SEARCH_PATHS = "$(inherited) @executable_path/Frameworks";
				PRODUCT_NAME = "$(TARGET_NAME)";
			};
			name = Release;
		};
		C9FA89791A570B100015DB03 /* Debug */ = {
			isa = XCBuildConfiguration;
			buildSettings = {
				BUNDLE_LOADER = "$(TEST_HOST)";
				FRAMEWORK_SEARCH_PATHS = (
					"$(SDKROOT)/Developer/Library/Frameworks",
					"$(inherited)",
				);
				GCC_PREPROCESSOR_DEFINITIONS = (
					"DEBUG=1",
					"$(inherited)",
				);
				INFOPLIST_FILE = TimepieceDemoTests/Info.plist;
				IPHONEOS_DEPLOYMENT_TARGET = 8.1;
				LD_RUNPATH_SEARCH_PATHS = "$(inherited) @executable_path/Frameworks @loader_path/Frameworks";
				PRODUCT_NAME = "$(TARGET_NAME)";
				TEST_HOST = "$(BUILT_PRODUCTS_DIR)/TimepieceDemo.app/TimepieceDemo";
			};
			name = Debug;
		};
		C9FA897A1A570B100015DB03 /* Release */ = {
			isa = XCBuildConfiguration;
			buildSettings = {
				BUNDLE_LOADER = "$(TEST_HOST)";
				FRAMEWORK_SEARCH_PATHS = (
					"$(SDKROOT)/Developer/Library/Frameworks",
					"$(inherited)",
				);
				INFOPLIST_FILE = TimepieceDemoTests/Info.plist;
				IPHONEOS_DEPLOYMENT_TARGET = 8.1;
				LD_RUNPATH_SEARCH_PATHS = "$(inherited) @executable_path/Frameworks @loader_path/Frameworks";
				PRODUCT_NAME = "$(TARGET_NAME)";
				TEST_HOST = "$(BUILT_PRODUCTS_DIR)/TimepieceDemo.app/TimepieceDemo";
			};
			name = Release;
		};
/* End XCBuildConfiguration section */

/* Begin XCConfigurationList section */
		C9FA89511A570B100015DB03 /* Build configuration list for PBXProject "TimepieceDemo" */ = {
			isa = XCConfigurationList;
			buildConfigurations = (
				C9FA89731A570B100015DB03 /* Debug */,
				C9FA89741A570B100015DB03 /* Release */,
			);
			defaultConfigurationIsVisible = 0;
			defaultConfigurationName = Release;
		};
		C9FA89751A570B100015DB03 /* Build configuration list for PBXNativeTarget "TimepieceDemo" */ = {
			isa = XCConfigurationList;
			buildConfigurations = (
				C9FA89761A570B100015DB03 /* Debug */,
				C9FA89771A570B100015DB03 /* Release */,
			);
			defaultConfigurationIsVisible = 0;
			defaultConfigurationName = Release;
		};
		C9FA89781A570B100015DB03 /* Build configuration list for PBXNativeTarget "TimepieceDemoTests" */ = {
			isa = XCConfigurationList;
			buildConfigurations = (
				C9FA89791A570B100015DB03 /* Debug */,
				C9FA897A1A570B100015DB03 /* Release */,
			);
			defaultConfigurationIsVisible = 0;
			defaultConfigurationName = Release;
		};
/* End XCConfigurationList section */
	};
	rootObject = C9FA894E1A570B100015DB03 /* Project object */;
}
